
Microsoft Visual Studio Solution File, Format Version 12.00
# Visual Studio Version 17
VisualStudioVersion = 17.12.35707.178
MinimumVisualStudioVersion = 10.0.40219.1
Project("{FAE04EC0-301F-11D3-BF4B-00C04F79EFBC}") = "MAUIDevExpressApp.API", "MAUIDevExpressApp.API\MAUIDevExpressApp.API.csproj", "{CAE91112-4003-4EBF-8625-F6B003E81784}"
EndProject
Project("{FAE04EC0-301F-11D3-BF4B-00C04F79EFBC}") = "MAUIDevExpressApp.Shared", "MAUITelerikApp.Shared\MAUIDevExpressApp.Shared.csproj", "{FC81BFEF-F638-487D-87B7-047840200525}"
EndProject
Project("{FAE04EC0-301F-11D3-BF4B-00C04F79EFBC}") = "MAUIDevExpressApp.UI", "MAUIDevExpressApp.UI\MAUIDevExpressApp.UI.csproj", "{23C1FCF0-5720-46C0-AD42-59C18143976E}"
EndProject
Global
	GlobalSection(SolutionConfigurationPlatforms) = preSolution
		Debug|Any CPU = Debug|Any CPU
		Release|Any CPU = Release|Any CPU
	EndGlobalSection
	GlobalSection(ProjectConfigurationPlatforms) = postSolution
		{CAE91112-4003-4EBF-8625-F6B003E81784}.Debug|Any CPU.ActiveCfg = Debug|Any CPU
		{CAE91112-4003-4EBF-8625-F6B003E81784}.Debug|Any CPU.Build.0 = Debug|Any CPU
		{CAE91112-4003-4EBF-8625-F6B003E81784}.Release|Any CPU.ActiveCfg = Release|Any CPU
		{CAE91112-4003-4EBF-8625-F6B003E81784}.Release|Any CPU.Build.0 = Release|Any CPU
		{FC81BFEF-F638-487D-87B7-047840200525}.Debug|Any CPU.ActiveCfg = Debug|Any CPU
		{FC81BFEF-F638-487D-87B7-047840200525}.Debug|Any CPU.Build.0 = Debug|Any CPU
		{FC81BFEF-F638-487D-87B7-047840200525}.Release|Any CPU.ActiveCfg = Release|Any CPU
		{FC81BFEF-F638-487D-87B7-047840200525}.Release|Any CPU.Build.0 = Release|Any CPU
		{23C1FCF0-5720-46C0-AD42-59C18143976E}.Debug|Any CPU.ActiveCfg = Debug|Any CPU
		{23C1FCF0-5720-46C0-AD42-59C18143976E}.Debug|Any CPU.Build.0 = Debug|Any CPU
		{23C1FCF0-5720-46C0-AD42-59C18143976E}.Debug|Any CPU.Deploy.0 = Debug|Any CPU
		{23C1FCF0-5720-46C0-AD42-59C18143976E}.Release|Any CPU.ActiveCfg = Release|Any CPU
		{23C1FCF0-5720-46C0-AD42-59C18143976E}.Release|Any CPU.Build.0 = Release|Any CPU
		{23C1FCF0-5720-46C0-AD42-59C18143976E}.Release|Any CPU.Deploy.0 = Release|Any CPU
	EndGlobalSection
	GlobalSection(SolutionProperties) = preSolution
		HideSolutionNode = FALSE
	EndGlobalSection
EndGlobal
